
Microsoft Visual Studio Solution File, Format Version 12.00
# Visual Studio Version 17
VisualStudioVersion = 17.7.34031.279
MinimumVisualStudioVersion = 10.0.40219.1
Project("{FAE04EC0-301F-11D3-BF4B-00C04F79EFBC}") = "WinFormsApp1", "WinFormsApp1\WinFormsApp1.csproj", "{CBFF62CC-02B0-458A-91CA-0356D8CD17FD}"
EndProject
Global
	GlobalSection(SolutionConfigurationPlatforms) = preSolution
		Debug|Any CPU = Debug|Any CPU
		Release|Any CPU = Release|Any CPU
	EndGlobalSection
	GlobalSection(ProjectConfigurationPlatforms) = postSolution
		{CBFF62CC-02B0-458A-91CA-0356D8CD17FD}.Debug|Any CPU.ActiveCfg = Debug|Any CPU
		{CBFF62CC-02B0-458A-91CA-0356D8CD17FD}.Debug|Any CPU.Build.0 = Debug|Any CPU
		{CBFF62CC-02B0-458A-91CA-0356D8CD17FD}.Release|Any CPU.ActiveCfg = Release|Any CPU
		{CBFF62CC-02B0-458A-91CA-0356D8CD17FD}.Release|Any CPU.Build.0 = Release|Any CPU
	EndGlobalSection
	GlobalSection(SolutionProperties) = preSolution
		HideSolutionNode = FALSE
	EndGlobalSection
	GlobalSection(ExtensibilityGlobals) = postSolution
		SolutionGuid = {DF911EC5-6AA2-4F2E-8E15-119CF6C96840}
	EndGlobalSection
EndGlobal
